
Microsoft Visual Studio Solution File, Format Version 12.00
# Visual Studio Version 17
VisualStudioVersion = 17.8.34525.116
MinimumVisualStudioVersion = 10.0.40219.1
Project("{FAE04EC0-301F-11D3-BF4B-00C04F79EFBC}") = "001_Basics", "001_Basics\001_Basics.csproj", "{463E308C-ADBE-40E1-ACBF-52D215BC09E4}"
EndProject
Global
	GlobalSection(SolutionConfigurationPlatforms) = preSolution
		Debug|Any CPU = Debug|Any CPU
		Release|Any CPU = Release|Any CPU
	EndGlobalSection
	GlobalSection(ProjectConfigurationPlatforms) = postSolution
		{463E308C-ADBE-40E1-ACBF-52D215BC09E4}.Debug|Any CPU.ActiveCfg = Debug|Any CPU
		{463E308C-ADBE-40E1-ACBF-52D215BC09E4}.Debug|Any CPU.Build.0 = Debug|Any CPU
		{463E308C-ADBE-40E1-ACBF-52D215BC09E4}.Release|Any CPU.ActiveCfg = Release|Any CPU
		{463E308C-ADBE-40E1-ACBF-52D215BC09E4}.Release|Any CPU.Build.0 = Release|Any CPU
	EndGlobalSection
	GlobalSection(SolutionProperties) = preSolution
		HideSolutionNode = FALSE
	EndGlobalSection
	GlobalSection(ExtensibilityGlobals) = postSolution
		SolutionGuid = {E3165C71-DB5E-4C54-9F89-BDC12BA3BA9F}
	EndGlobalSection
EndGlobal
