
Microsoft Visual Studio Solution File, Format Version 12.00
# Visual Studio Version 17
VisualStudioVersion = 17.8.34525.116
MinimumVisualStudioVersion = 10.0.40219.1
Project("{FAE04EC0-301F-11D3-BF4B-00C04F79EFBC}") = "005_LINQ", "005_LINQ\005_LINQ.csproj", "{EAD710AD-E18A-4D2D-A780-7BAFFE93AAA0}"
EndProject
Global
	GlobalSection(SolutionConfigurationPlatforms) = preSolution
		Debug|Any CPU = Debug|Any CPU
		Release|Any CPU = Release|Any CPU
	EndGlobalSection
	GlobalSection(ProjectConfigurationPlatforms) = postSolution
		{EAD710AD-E18A-4D2D-A780-7BAFFE93AAA0}.Debug|Any CPU.ActiveCfg = Debug|Any CPU
		{EAD710AD-E18A-4D2D-A780-7BAFFE93AAA0}.Debug|Any CPU.Build.0 = Debug|Any CPU
		{EAD710AD-E18A-4D2D-A780-7BAFFE93AAA0}.Release|Any CPU.ActiveCfg = Release|Any CPU
		{EAD710AD-E18A-4D2D-A780-7BAFFE93AAA0}.Release|Any CPU.Build.0 = Release|Any CPU
	EndGlobalSection
	GlobalSection(SolutionProperties) = preSolution
		HideSolutionNode = FALSE
	EndGlobalSection
	GlobalSection(ExtensibilityGlobals) = postSolution
		SolutionGuid = {1B497F21-E98C-42D1-9EDA-FC9AF99D4586}
	EndGlobalSection
EndGlobal
