
Microsoft Visual Studio Solution File, Format Version 12.00
# Visual Studio Version 17
VisualStudioVersion = 17.8.34525.116
MinimumVisualStudioVersion = 10.0.40219.1
Project("{FAE04EC0-301F-11D3-BF4B-00C04F79EFBC}") = "003_Example2", "003_Example2\003_Example2.csproj", "{44FF550C-F995-42F2-8EBC-96E1D1987182}"
EndProject
Global
	GlobalSection(SolutionConfigurationPlatforms) = preSolution
		Debug|Any CPU = Debug|Any CPU
		Release|Any CPU = Release|Any CPU
	EndGlobalSection
	GlobalSection(ProjectConfigurationPlatforms) = postSolution
		{44FF550C-F995-42F2-8EBC-96E1D1987182}.Debug|Any CPU.ActiveCfg = Debug|Any CPU
		{44FF550C-F995-42F2-8EBC-96E1D1987182}.Debug|Any CPU.Build.0 = Debug|Any CPU
		{44FF550C-F995-42F2-8EBC-96E1D1987182}.Release|Any CPU.ActiveCfg = Release|Any CPU
		{44FF550C-F995-42F2-8EBC-96E1D1987182}.Release|Any CPU.Build.0 = Release|Any CPU
	EndGlobalSection
	GlobalSection(SolutionProperties) = preSolution
		HideSolutionNode = FALSE
	EndGlobalSection
	GlobalSection(ExtensibilityGlobals) = postSolution
		SolutionGuid = {5A485003-E7EA-4AE2-8F9E-E5905A60BBFB}
	EndGlobalSection
EndGlobal
