
Microsoft Visual Studio Solution File, Format Version 12.00
# Visual Studio Version 17
VisualStudioVersion = 17.8.34525.116
MinimumVisualStudioVersion = 10.0.40219.1
Project("{FAE04EC0-301F-11D3-BF4B-00C04F79EFBC}") = "003_Serializacion_Deserilizacion_JSON", "003_Serializacion_Deserilizacion_JSON\003_Serializacion_Deserilizacion_JSON.csproj", "{050979BC-A3F3-4CA2-B536-4BDCD1248BCF}"
EndProject
Global
	GlobalSection(SolutionConfigurationPlatforms) = preSolution
		Debug|Any CPU = Debug|Any CPU
		Release|Any CPU = Release|Any CPU
	EndGlobalSection
	GlobalSection(ProjectConfigurationPlatforms) = postSolution
		{050979BC-A3F3-4CA2-B536-4BDCD1248BCF}.Debug|Any CPU.ActiveCfg = Debug|Any CPU
		{050979BC-A3F3-4CA2-B536-4BDCD1248BCF}.Debug|Any CPU.Build.0 = Debug|Any CPU
		{050979BC-A3F3-4CA2-B536-4BDCD1248BCF}.Release|Any CPU.ActiveCfg = Release|Any CPU
		{050979BC-A3F3-4CA2-B536-4BDCD1248BCF}.Release|Any CPU.Build.0 = Release|Any CPU
	EndGlobalSection
	GlobalSection(SolutionProperties) = preSolution
		HideSolutionNode = FALSE
	EndGlobalSection
	GlobalSection(ExtensibilityGlobals) = postSolution
		SolutionGuid = {1FC3DFE6-9510-4103-A087-FBC8FB716E11}
	EndGlobalSection
EndGlobal
